
Microsoft Visual Studio Solution File, Format Version 12.00
# Visual Studio Version 17
VisualStudioVersion = 17.4.33122.133
MinimumVisualStudioVersion = 10.0.40219.1
Project("{9A19103F-16F7-4668-BE54-9A1E7A4F7556}") = "NumerosAleatoriosIO", "NumerosAleatoriosIO\NumerosAleatoriosIO.csproj", "{892614E1-00BF-45B2-8015-1D5FAC528E74}"
EndProject
Project("{FAE04EC0-301F-11D3-BF4B-00C04F79EFBC}") = "GeneradorNumerosAleatorios.BlazorMAUI", "GeneradorNumerosAleatorios.BLazorMAUI\GeneradorNumerosAleatorios.BlazorMAUI.csproj", "{F6203945-0BF3-4C5B-A45C-1B17368E4E61}"
EndProject
Global
	GlobalSection(SolutionConfigurationPlatforms) = preSolution
		Debug|Any CPU = Debug|Any CPU
		Release|Any CPU = Release|Any CPU
	EndGlobalSection
	GlobalSection(ProjectConfigurationPlatforms) = postSolution
		{892614E1-00BF-45B2-8015-1D5FAC528E74}.Debug|Any CPU.ActiveCfg = Debug|Any CPU
		{892614E1-00BF-45B2-8015-1D5FAC528E74}.Debug|Any CPU.Build.0 = Debug|Any CPU
		{892614E1-00BF-45B2-8015-1D5FAC528E74}.Release|Any CPU.ActiveCfg = Release|Any CPU
		{892614E1-00BF-45B2-8015-1D5FAC528E74}.Release|Any CPU.Build.0 = Release|Any CPU
		{F6203945-0BF3-4C5B-A45C-1B17368E4E61}.Debug|Any CPU.ActiveCfg = Debug|Any CPU
		{F6203945-0BF3-4C5B-A45C-1B17368E4E61}.Debug|Any CPU.Build.0 = Debug|Any CPU
		{F6203945-0BF3-4C5B-A45C-1B17368E4E61}.Debug|Any CPU.Deploy.0 = Debug|Any CPU
		{F6203945-0BF3-4C5B-A45C-1B17368E4E61}.Release|Any CPU.ActiveCfg = Release|Any CPU
		{F6203945-0BF3-4C5B-A45C-1B17368E4E61}.Release|Any CPU.Build.0 = Release|Any CPU
		{F6203945-0BF3-4C5B-A45C-1B17368E4E61}.Release|Any CPU.Deploy.0 = Release|Any CPU
	EndGlobalSection
	GlobalSection(SolutionProperties) = preSolution
		HideSolutionNode = FALSE
	EndGlobalSection
	GlobalSection(ExtensibilityGlobals) = postSolution
		SolutionGuid = {4048E876-3251-4B4E-8605-E18372321165}
	EndGlobalSection
EndGlobal
